{
  "requires": true,
  "lockfileVersion": 1,
  "dependencies": {
    "ngx-material-file-input": {
      "version": "2.1.1",
      "resolved": "https://registry.npmjs.org/ngx-material-file-input/-/ngx-material-file-input-2.1.1.tgz",
      "integrity": "sha512-FbaIjiJnL6BZtZYWLvMSn9aSaM62AZaJegloTUphmLz5jopXPzE5W+3aC+dsf9h1IIqHSCLcyv0w+qH0ypBhMA=="
    }
  }
}
